#MicroXplorer Configuration settings - do not modify
ADC.ClockPrescaler=ADC_CLOCK_SYNC_PCLK_DIV2
ADC.ContinuousConvMode=DISABLE
ADC.DMAContinuousRequests=ENABLE
ADC.DataAlign=ADC_DATAALIGN_RIGHT
ADC.DiscontinuousConvMode=DISABLE
ADC.EOCSelection=ADC_EOC_SINGLE_CONV
ADC.EnableAnalogWatchDog=false
ADC.ExternalTrigConv=ADC_EXTERNALTRIGCONV_T21_CC2
ADC.ExternalTrigConvEdge=ADC_EXTERNALTRIGCONVEDGE_RISINGFALLING
ADC.IPParameters=ClockPrescaler,Resolution,DataAlign,ScanConvMode,ContinuousConvMode,DiscontinuousConvMode,DMAContinuousRequests,EOCSelection,Overrun,LowPowerAutoWait,LowPowerFrequencyMode,LowPowerAutoPowerOff,OversamplingMode,SamplingTime,ExternalTrigConv,ExternalTrigConvEdge,EnableAnalogWatchDog
ADC.LowPowerAutoPowerOff=DISABLE
ADC.LowPowerAutoWait=DISABLE
ADC.LowPowerFrequencyMode=DISABLE
ADC.Overrun=ADC_OVR_DATA_OVERWRITTEN
ADC.OversamplingMode=DISABLE
ADC.Resolution=ADC_RESOLUTION_12B
ADC.SamplingTime=ADC_SAMPLETIME_160CYCLES_5
ADC.ScanConvMode=ADC_SCAN_DIRECTION_FORWARD
Dma.ADC.0.Direction=DMA_PERIPH_TO_MEMORY
Dma.ADC.0.Instance=DMA1_Channel1
Dma.ADC.0.MemDataAlignment=DMA_MDATAALIGN_HALFWORD
Dma.ADC.0.MemInc=DMA_MINC_ENABLE
Dma.ADC.0.Mode=DMA_CIRCULAR
Dma.ADC.0.PeriphDataAlignment=DMA_PDATAALIGN_HALFWORD
Dma.ADC.0.PeriphInc=DMA_PINC_DISABLE
Dma.ADC.0.Priority=DMA_PRIORITY_HIGH
Dma.ADC.0.RequestParameters=Instance,Direction,PeriphInc,MemInc,PeriphDataAlignment,MemDataAlignment,Mode,Priority
Dma.Request0=ADC
Dma.RequestsNb=1
File.Version=6
KeepUserPlacement=false
Mcu.Family=STM32L0
Mcu.IP0=ADC
Mcu.IP1=CRC
Mcu.IP2=DMA
Mcu.IP3=NVIC
Mcu.IP4=RCC
Mcu.IP5=SYS
Mcu.IP6=TIM2
Mcu.IP7=TIM21
Mcu.IP8=USART2
Mcu.IPNb=9
Mcu.Name=STM32L011D(3-4)Px
Mcu.Package=TSSOP14
Mcu.Pin0=PC14-OSC32_IN
Mcu.Pin1=PC15-OSC32_OUT
Mcu.Pin10=VP_CRC_VS_CRC
Mcu.Pin11=VP_SYS_VS_Systick
Mcu.Pin12=VP_TIM21_VS_ClockSourceINT
Mcu.Pin13=VP_TIM21_VS_no_output2
Mcu.Pin2=PA0-CK_IN
Mcu.Pin3=PA1
Mcu.Pin4=PA4
Mcu.Pin5=PA7
Mcu.Pin6=PA9
Mcu.Pin7=PA10
Mcu.Pin8=PA13
Mcu.Pin9=PA14
Mcu.PinsNb=14
Mcu.UserConstants=
Mcu.UserName=STM32L011D3Px
MxCube.Version=4.23.0
MxDb.Version=DB.4.0.230
NVIC.DMA1_Channel1_IRQn=true\:0\:0\:false\:false\:true\:true
NVIC.EXTI4_15_IRQn=true\:0\:0\:false\:false\:true\:true
NVIC.HardFault_IRQn=true\:0\:0\:false\:false\:true\:true
NVIC.NonMaskableInt_IRQn=true\:0\:0\:false\:false\:true\:true
NVIC.PendSV_IRQn=true\:0\:0\:false\:false\:true\:true
NVIC.SVC_IRQn=true\:0\:0\:false\:false\:true\:true
NVIC.SysTick_IRQn=true\:0\:0\:false\:false\:true\:true
NVIC.USART2_IRQn=true\:0\:0\:false\:false\:true\:true
PA0-CK_IN.GPIOParameters=GPIO_Label
PA0-CK_IN.GPIO_Label=PWM 1
PA0-CK_IN.Signal=S_TIM2_CH1
PA1.GPIOParameters=GPIO_Label
PA1.GPIO_Label=PWM 2
PA1.Signal=S_TIM2_CH2
PA10.GPIOParameters=GPIO_Label
PA10.GPIO_Label=UART RX
PA10.Mode=Asynchronous
PA10.Signal=USART2_RX
PA13.Mode=Serial_Wire
PA13.Signal=SYS_SWDIO
PA14.Mode=Serial_Wire
PA14.Signal=SYS_SWCLK
PA4.GPIOParameters=GPIO_Label
PA4.GPIO_Label=ISEN
PA4.Mode=IN4
PA4.Signal=ADC_IN4
PA7.GPIOParameters=GPIO_Label
PA7.GPIO_Label=POS
PA7.Mode=IN7
PA7.Signal=ADC_IN7
PA9.GPIOParameters=GPIO_Label
PA9.GPIO_Label=UART TX
PA9.Mode=Asynchronous
PA9.Signal=USART2_TX
PC14-OSC32_IN.GPIOParameters=GPIO_Speed,GPIO_Label
PC14-OSC32_IN.GPIO_Label=RS DRV EN
PC14-OSC32_IN.GPIO_Speed=GPIO_SPEED_FREQ_VERY_HIGH
PC14-OSC32_IN.Locked=true
PC14-OSC32_IN.Signal=GPIO_Output
PC15-OSC32_OUT.GPIOParameters=GPIO_PuPd,GPIO_Label,GPIO_ModeDefaultEXTI
PC15-OSC32_OUT.GPIO_Label=FAULT
PC15-OSC32_OUT.GPIO_ModeDefaultEXTI=GPIO_MODE_IT_FALLING
PC15-OSC32_OUT.GPIO_PuPd=GPIO_PULLUP
PC15-OSC32_OUT.Locked=true
PC15-OSC32_OUT.Signal=GPXTI15
PCC.Checker=true
PCC.Line=STM32L0x1
PCC.MCU=STM32L011D(3-4)Px
PCC.PartNumber=STM32L011D3Px
PCC.Seq0=0
PCC.Series=STM32L0
PCC.Temperature=25
PCC.Vdd=3.6
PinOutPanel.RotationAngle=0
ProjectManager.AskForMigrate=true
ProjectManager.BackupPrevious=false
ProjectManager.CompilerOptimize=2
ProjectManager.ComputerToolchain=false
ProjectManager.CoupleFile=true
ProjectManager.CustomerFirmwarePackage=C\:/Users/Tomasz/STM32Cube/Repository/STM32Cube_FW_L0_V1.10.0
ProjectManager.DefaultFWLocation=true
ProjectManager.DeletePrevious=true
ProjectManager.DeviceId=STM32L011D3Px
ProjectManager.FirmwarePackage=STM32Cube FW_L0 V1.10.0
ProjectManager.FreePins=false
ProjectManager.HalAssertFull=false
ProjectManager.HeapSize=0x200
ProjectManager.KeepUserCode=true
ProjectManager.LastFirmware=true
ProjectManager.LibraryCopy=1
ProjectManager.PreviousToolchain=SW4STM32
ProjectManager.ProjectBuild=false
ProjectManager.ProjectFileName=MotorDriver.ioc
ProjectManager.ProjectName=MotorDriver
ProjectManager.StackSize=0x400
ProjectManager.TargetToolchain=SW4STM32
ProjectManager.ToolChainLocation=
ProjectManager.UnderRoot=true
ProjectManager.functionlistsort=1-MX_GPIO_Init-GPIO-false-LL,2-MX_DMA_Init-DMA-false-LL,3-SystemClock_Config-RCC-false-LL,4-MX_TIM2_Init-TIM2-false-LL,5-MX_ADC_Init-ADC-false-LL,6-MX_USART2_UART_Init-USART2-false-LL,7-MX_TIM21_Init-TIM21-false-LL,8-MX_CRC_Init-CRC-false-LL
RCC.AHBFreq_Value=32000000
RCC.APB1Freq_Value=32000000
RCC.APB1TimFreq_Value=32000000
RCC.APB2Freq_Value=32000000
RCC.APB2TimFreq_Value=32000000
RCC.FCLKCortexFreq_Value=32000000
RCC.FamilyName=M
RCC.HCLKFreq_Value=32000000
RCC.HSE_VALUE=8000000
RCC.HSI16_VALUE=16000000
RCC.HSI_VALUE=16000000
RCC.I2C1Freq_Value=32000000
RCC.IPParameters=AHBFreq_Value,APB1Freq_Value,APB1TimFreq_Value,APB2Freq_Value,APB2TimFreq_Value,FCLKCortexFreq_Value,FamilyName,HCLKFreq_Value,HSE_VALUE,HSI16_VALUE,HSI_VALUE,I2C1Freq_Value,LPTIMFreq_Value,LPUARTFreq_Value,LSE_VALUE,LSI_VALUE,MCOPinFreq_Value,MSI_VALUE,PLLCLKFreq_Value,PLLMUL,PWRFreq_Value,RTCFreq_Value,RTCHSEDivFreq_Value,SYSCLKFreq_VALUE,SYSCLKSource,TIMFreq_Value,TimerFreq_Value,USART2Freq_Value,VCOOutputFreq_Value,WatchDogFreq_Value
RCC.LPTIMFreq_Value=32000000
RCC.LPUARTFreq_Value=32000000
RCC.LSE_VALUE=32768
RCC.LSI_VALUE=37000
RCC.MCOPinFreq_Value=32000000
RCC.MSI_VALUE=2097000
RCC.PLLCLKFreq_Value=32000000
RCC.PLLMUL=RCC_PLLMUL_4
RCC.PWRFreq_Value=32000000
RCC.RTCFreq_Value=37000
RCC.RTCHSEDivFreq_Value=4000000
RCC.SYSCLKFreq_VALUE=32000000
RCC.SYSCLKSource=RCC_SYSCLKSOURCE_PLLCLK
RCC.TIMFreq_Value=32000000
RCC.TimerFreq_Value=32000000
RCC.USART2Freq_Value=32000000
RCC.VCOOutputFreq_Value=64000000
RCC.WatchDogFreq_Value=37000
SH.GPXTI15.0=GPIO_EXTI15
SH.GPXTI15.ConfNb=1
SH.S_TIM2_CH1.0=TIM2_CH1,PWM Generation1 CH1
SH.S_TIM2_CH1.ConfNb=1
SH.S_TIM2_CH2.0=TIM2_CH2,PWM Generation2 CH2
SH.S_TIM2_CH2.ConfNb=1
TIM2.Channel-PWM\ Generation1\ CH1=TIM_CHANNEL_1
TIM2.Channel-PWM\ Generation2\ CH2=TIM_CHANNEL_2
TIM2.IPParameters=Channel-PWM Generation1 CH1,Channel-PWM Generation2 CH2,Period,Pulse-PWM Generation1 CH1,OCPolarity_2,Pulse-PWM Generation2 CH2,TIM_MasterSlaveMode,TIM_MasterOutputTrigger,OCPolarity_1
TIM2.OCPolarity_1=TIM_OCPOLARITY_LOW
TIM2.OCPolarity_2=TIM_OCPOLARITY_LOW
TIM2.Period=999
TIM2.Pulse-PWM\ Generation1\ CH1=0
TIM2.Pulse-PWM\ Generation2\ CH2=500
TIM2.TIM_MasterOutputTrigger=TIM_TRGO_UPDATE
TIM2.TIM_MasterSlaveMode=TIM_MASTERSLAVEMODE_DISABLE
TIM21.Channel-Output\ Compare2\ No\ Output=TIM_CHANNEL_2
TIM21.IPParameters=Period,Channel-Output Compare2 No Output,Pulse-Output Compare2 No Output,OCMode_2,TIM_MasterSlaveMode,TIM_MasterOutputTrigger,Prescaler
TIM21.OCMode_2=TIM_OCMODE_TOGGLE
TIM21.Period=999
TIM21.Prescaler=31
TIM21.Pulse-Output\ Compare2\ No\ Output=500
TIM21.TIM_MasterOutputTrigger=TIM_TRGO_UPDATE
TIM21.TIM_MasterSlaveMode=TIM_MASTERSLAVEMODE_DISABLE
USART2.IPParameters=VirtualMode-Asynchronous,WordLength
USART2.VirtualMode-Asynchronous=VM_ASYNC
USART2.WordLength=WORDLENGTH_8B
VP_CRC_VS_CRC.Mode=CRC_Activate
VP_CRC_VS_CRC.Signal=CRC_VS_CRC
VP_SYS_VS_Systick.Mode=SysTick
VP_SYS_VS_Systick.Signal=SYS_VS_Systick
VP_TIM21_VS_ClockSourceINT.Mode=Internal
VP_TIM21_VS_ClockSourceINT.Signal=TIM21_VS_ClockSourceINT
VP_TIM21_VS_no_output2.Mode=Output Compare2 No Output
VP_TIM21_VS_no_output2.Signal=TIM21_VS_no_output2
board=MotorDriver
